Microsoft Visual Studio Solution File, Format Version 12.00
# Visual Studio Version 17
VisualStudioVersion = 17.5.2.0
MinimumVisualStudioVersion = 10.0.40219.1
Project("{2150E333-8FDC-42A3-9474-1A3956D46DE8}") = "lemoncode-challenge", "lemoncode-challenge", "{D7F9CE53-5FD2-587C-8FAA-5B431F8FA900}"
EndProject
Project("{2150E333-8FDC-42A3-9474-1A3956D46DE8}") = "dotnet-stack", "dotnet-stack", "{BA01A855-B436-1A10-A4A7-19A8E3CF13EF}"
EndProject
Project("{FAE04EC0-301F-11D3-BF4B-00C04F79EFBC}") = "backend", "lemoncode-challenge\dotnet-stack\backend\backend.csproj", "{0272A0E6-FBCA-EDB6-462E-2B60C8D8C4D2}"
EndProject
Global
	GlobalSection(SolutionConfigurationPlatforms) = preSolution
		Debug|Any CPU = Debug|Any CPU
		Release|Any CPU = Release|Any CPU
	EndGlobalSection
	GlobalSection(ProjectConfigurationPlatforms) = postSolution
		{0272A0E6-FBCA-EDB6-462E-2B60C8D8C4D2}.Debug|Any CPU.ActiveCfg = Debug|Any CPU
		{0272A0E6-FBCA-EDB6-462E-2B60C8D8C4D2}.Debug|Any CPU.Build.0 = Debug|Any CPU
		{0272A0E6-FBCA-EDB6-462E-2B60C8D8C4D2}.Release|Any CPU.ActiveCfg = Release|Any CPU
		{0272A0E6-FBCA-EDB6-462E-2B60C8D8C4D2}.Release|Any CPU.Build.0 = Release|Any CPU
	EndGlobalSection
	GlobalSection(SolutionProperties) = preSolution
		HideSolutionNode = FALSE
	EndGlobalSection
	GlobalSection(NestedProjects) = preSolution
		{BA01A855-B436-1A10-A4A7-19A8E3CF13EF} = {D7F9CE53-5FD2-587C-8FAA-5B431F8FA900}
		{0272A0E6-FBCA-EDB6-462E-2B60C8D8C4D2} = {BA01A855-B436-1A10-A4A7-19A8E3CF13EF}
	EndGlobalSection
	GlobalSection(ExtensibilityGlobals) = postSolution
		SolutionGuid = {7FC08822-BF33-41A2-98D1-A9ECFBD12E73}
	EndGlobalSection
EndGlobal
